
Microsoft Visual Studio Solution File, Format Version 12.00
# Visual Studio Version 16
VisualStudioVersion = 16.0.32002.261
MinimumVisualStudioVersion = 10.0.40219.1
Project("{FAE04EC0-301F-11D3-BF4B-00C04F79EFBC}") = "WinFormsBasics", "WinFormsBasics\WinFormsBasics.csproj", "{1FED1817-FAB8-4D7C-97FC-C8A337F79AD1}"
EndProject
Project("{FAE04EC0-301F-11D3-BF4B-00C04F79EFBC}") = "WinFormsDesigner", "WinFormsDesigner\WinFormsDesigner.csproj", "{A373298E-7716-4554-8A8B-2FD3D3DA9810}"
EndProject
Project("{FAE04EC0-301F-11D3-BF4B-00C04F79EFBC}") = "WindowsFormsMVC", "WindowsFormsMVC\WindowsFormsMVC.csproj", "{6B3AB6D1-7FC4-4AF5-8656-E222671BDB52}"
EndProject
Project("{FAE04EC0-301F-11D3-BF4B-00C04F79EFBC}") = "WpfAppDemo", "WpfAppDemo\WpfAppDemo.csproj", "{7314E316-E289-498C-B76B-9A35A0D50426}"
EndProject
Global
	GlobalSection(SolutionConfigurationPlatforms) = preSolution
		Debug|Any CPU = Debug|Any CPU
		Release|Any CPU = Release|Any CPU
	EndGlobalSection
	GlobalSection(ProjectConfigurationPlatforms) = postSolution
		{1FED1817-FAB8-4D7C-97FC-C8A337F79AD1}.Debug|Any CPU.ActiveCfg = Debug|Any CPU
		{1FED1817-FAB8-4D7C-97FC-C8A337F79AD1}.Debug|Any CPU.Build.0 = Debug|Any CPU
		{1FED1817-FAB8-4D7C-97FC-C8A337F79AD1}.Release|Any CPU.ActiveCfg = Release|Any CPU
		{1FED1817-FAB8-4D7C-97FC-C8A337F79AD1}.Release|Any CPU.Build.0 = Release|Any CPU
		{A373298E-7716-4554-8A8B-2FD3D3DA9810}.Debug|Any CPU.ActiveCfg = Debug|Any CPU
		{A373298E-7716-4554-8A8B-2FD3D3DA9810}.Debug|Any CPU.Build.0 = Debug|Any CPU
		{A373298E-7716-4554-8A8B-2FD3D3DA9810}.Release|Any CPU.ActiveCfg = Release|Any CPU
		{A373298E-7716-4554-8A8B-2FD3D3DA9810}.Release|Any CPU.Build.0 = Release|Any CPU
		{6B3AB6D1-7FC4-4AF5-8656-E222671BDB52}.Debug|Any CPU.ActiveCfg = Debug|Any CPU
		{6B3AB6D1-7FC4-4AF5-8656-E222671BDB52}.Debug|Any CPU.Build.0 = Debug|Any CPU
		{6B3AB6D1-7FC4-4AF5-8656-E222671BDB52}.Release|Any CPU.ActiveCfg = Release|Any CPU
		{6B3AB6D1-7FC4-4AF5-8656-E222671BDB52}.Release|Any CPU.Build.0 = Release|Any CPU
		{7314E316-E289-498C-B76B-9A35A0D50426}.Debug|Any CPU.ActiveCfg = Debug|Any CPU
		{7314E316-E289-498C-B76B-9A35A0D50426}.Debug|Any CPU.Build.0 = Debug|Any CPU
		{7314E316-E289-498C-B76B-9A35A0D50426}.Release|Any CPU.ActiveCfg = Release|Any CPU
		{7314E316-E289-498C-B76B-9A35A0D50426}.Release|Any CPU.Build.0 = Release|Any CPU
	EndGlobalSection
	GlobalSection(SolutionProperties) = preSolution
		HideSolutionNode = FALSE
	EndGlobalSection
	GlobalSection(ExtensibilityGlobals) = postSolution
		SolutionGuid = {0AEC47A6-B7F2-482E-B850-89490ACAA078}
	EndGlobalSection
EndGlobal
